// !$*UTF8*$!
{
	archiveVersion = 1;
	classes = {
	};
	objectVersion = 77;
	objects = {

/* Begin PBXBuildFile section */
		0FFBDE010AFAD3867ECB0509 /* HistoryStore.swift in Sources */ = {isa = PBXBuildFile; fileRef = 296D6961B9915AED652CD641 /* HistoryStore.swift */; };
		1453304F57067B9FC2F50F15 /* ToastView.swift in Sources */ = {isa = PBXBuildFile; fileRef = BB8C7743EFF7F41BC6809591 /* ToastView.swift */; };
		29077AC77B06B18A994A8D4A /* WSClient.swift in Sources */ = {isa = PBXBuildFile; fileRef = F31A64A6C24C3BA7BE2F5F1A /* WSClient.swift */; };
		30E2F6B003D955A8F7F4D1A7 /* SettingsStore.swift in Sources */ = {isa = PBXBuildFile; fileRef = 31ADB70BAEDA4189C77EE9E9 /* SettingsStore.swift */; };
		376495AAB21453A73A20E043 /* Models.swift in Sources */ = {isa = PBXBuildFile; fileRef = EDA17BC82E58AEE55A4E6B79 /* Models.swift */; };
		4855ED325DFFEBFFF514C465 /* E2EEEnvelope.swift in Sources */ = {isa = PBXBuildFile; fileRef = DB8C0E0883F820B0BBB3ABFF /* E2EEEnvelope.swift */; };
		4ECEBB18073864AD8DA340F3 /* RevealPasswordField.swift in Sources */ = {isa = PBXBuildFile; fileRef = F5EFE53E454321AA92DC9CE1 /* RevealPasswordField.swift */; };
		53447D2859A6B14EDC992599 /* Assets.xcassets in Resources */ = {isa = PBXBuildFile; fileRef = ED838D6851172B5669A1D8C1 /* Assets.xcassets */; };
		5FA22DFA89011EFE9777F8F4 /* ToastManager.swift in Sources */ = {isa = PBXBuildFile; fileRef = B2E5D59E8B63F7472FCEF012 /* ToastManager.swift */; };
		6028C5198C3D77EC1B6207D4 /* SettingsView.swift in Sources */ = {isa = PBXBuildFile; fileRef = F10A29A5E54C1017FCEDC327 /* SettingsView.swift */; };
		9E43EF5F0BB412BE9E399C97 /* SmsCodeExtractor.swift in Sources */ = {isa = PBXBuildFile; fileRef = BDFEA81C63A3D5BE482AEBB0 /* SmsCodeExtractor.swift */; };
		BC453A5A195631A9780BEAEA /* E2EECrypto.swift in Sources */ = {isa = PBXBuildFile; fileRef = 9F8DFD90254B9A75CA217BB3 /* E2EECrypto.swift */; };
		C0016C113F25ECF9ADEC13BC /* ClipboardMonitor.swift in Sources */ = {isa = PBXBuildFile; fileRef = 80079126FF9BA0FBBC1944AC /* ClipboardMonitor.swift */; };
		D17992C7B1197DE7182EBBAF /* AuthClient.swift in Sources */ = {isa = PBXBuildFile; fileRef = FFBEE31533A90D728F521B38 /* AuthClient.swift */; };
		DE7EDD7086F7C8C633B40FCC /* HomeView.swift in Sources */ = {isa = PBXBuildFile; fileRef = D2FCC4C0BA735F658A1B20F7 /* HomeView.swift */; };
		DF46CE338BEC6BDE4A986919 /* ContentView.swift in Sources */ = {isa = PBXBuildFile; fileRef = 41FFE570AA0F8D80AFE0EA60 /* ContentView.swift */; };
		EE71125A91C704A9557B5F48 /* main.swift in Sources */ = {isa = PBXBuildFile; fileRef = 4BD14586CC3AD90C0A4F06A6 /* main.swift */; };
		F31DD23799961503A854C4B9 /* HistoryView.swift in Sources */ = {isa = PBXBuildFile; fileRef = 53CCEFF221D3FCFD3F817339 /* HistoryView.swift */; };
		FBF243D2353CAA2715B3E91D /* ClipboardWriter.swift in Sources */ = {isa = PBXBuildFile; fileRef = 6774F5BDA203DE2CE3CAE378 /* ClipboardWriter.swift */; };
/* End PBXBuildFile section */

/* Begin PBXFileReference section */
		296D6961B9915AED652CD641 /* HistoryStore.swift */ = {isa = PBXFileReference; lastKnownFileType = sourcecode.swift; path = HistoryStore.swift; sourceTree = "<group>"; };
		31ADB70BAEDA4189C77EE9E9 /* SettingsStore.swift */ = {isa = PBXFileReference; lastKnownFileType = sourcecode.swift; path = SettingsStore.swift; sourceTree = "<group>"; };
		41FFE570AA0F8D80AFE0EA60 /* ContentView.swift */ = {isa = PBXFileReference; lastKnownFileType = sourcecode.swift; path = ContentView.swift; sourceTree = "<group>"; };
		4750275E11A2914084C3627D /* Info.plist */ = {isa = PBXFileReference; lastKnownFileType = text.plist; path = Info.plist; sourceTree = "<group>"; };
		4BD14586CC3AD90C0A4F06A6 /* main.swift */ = {isa = PBXFileReference; lastKnownFileType = sourcecode.swift; path = main.swift; sourceTree = "<group>"; };
		53CCEFF221D3FCFD3F817339 /* HistoryView.swift */ = {isa = PBXFileReference; lastKnownFileType = sourcecode.swift; path = HistoryView.swift; sourceTree = "<group>"; };
		6774F5BDA203DE2CE3CAE378 /* ClipboardWriter.swift */ = {isa = PBXFileReference; lastKnownFileType = sourcecode.swift; path = ClipboardWriter.swift; sourceTree = "<group>"; };
		80079126FF9BA0FBBC1944AC /* ClipboardMonitor.swift */ = {isa = PBXFileReference; lastKnownFileType = sourcecode.swift; path = ClipboardMonitor.swift; sourceTree = "<group>"; };
		9F8DFD90254B9A75CA217BB3 /* E2EECrypto.swift */ = {isa = PBXFileReference; lastKnownFileType = sourcecode.swift; path = E2EECrypto.swift; sourceTree = "<group>"; };
		A79C3DC0654EDBE2091B7DA1 /* ClipSync.app */ = {isa = PBXFileReference; explicitFileType = wrapper.application; includeInIndex = 0; path = ClipSync.app; sourceTree = BUILT_PRODUCTS_DIR; };
		B2E5D59E8B63F7472FCEF012 /* ToastManager.swift */ = {isa = PBXFileReference; lastKnownFileType = sourcecode.swift; path = ToastManager.swift; sourceTree = "<group>"; };
		BB8C7743EFF7F41BC6809591 /* ToastView.swift */ = {isa = PBXFileReference; lastKnownFileType = sourcecode.swift; path = ToastView.swift; sourceTree = "<group>"; };
		BDFEA81C63A3D5BE482AEBB0 /* SmsCodeExtractor.swift */ = {isa = PBXFileReference; lastKnownFileType = sourcecode.swift; path = SmsCodeExtractor.swift; sourceTree = "<group>"; };
		D2FCC4C0BA735F658A1B20F7 /* HomeView.swift */ = {isa = PBXFileReference; lastKnownFileType = sourcecode.swift; path = HomeView.swift; sourceTree = "<group>"; };
		DB8C0E0883F820B0BBB3ABFF /* E2EEEnvelope.swift */ = {isa = PBXFileReference; lastKnownFileType = sourcecode.swift; path = E2EEEnvelope.swift; sourceTree = "<group>"; };
		ED838D6851172B5669A1D8C1 /* Assets.xcassets */ = {isa = PBXFileReference; lastKnownFileType = folder.assetcatalog; path = Assets.xcassets; sourceTree = "<group>"; };
		EDA17BC82E58AEE55A4E6B79 /* Models.swift */ = {isa = PBXFileReference; lastKnownFileType = sourcecode.swift; path = Models.swift; sourceTree = "<group>"; };
		F10A29A5E54C1017FCEDC327 /* SettingsView.swift */ = {isa = PBXFileReference; lastKnownFileType = sourcecode.swift; path = SettingsView.swift; sourceTree = "<group>"; };
		F31A64A6C24C3BA7BE2F5F1A /* WSClient.swift */ = {isa = PBXFileReference; lastKnownFileType = sourcecode.swift; path = WSClient.swift; sourceTree = "<group>"; };
		F5EFE53E454321AA92DC9CE1 /* RevealPasswordField.swift */ = {isa = PBXFileReference; lastKnownFileType = sourcecode.swift; path = RevealPasswordField.swift; sourceTree = "<group>"; };
		FFBEE31533A90D728F521B38 /* AuthClient.swift */ = {isa = PBXFileReference; lastKnownFileType = sourcecode.swift; path = AuthClient.swift; sourceTree = "<group>"; };
/* End PBXFileReference section */

/* Begin PBXGroup section */
		111FA35B787EB91519B01C32 /* Products */ = {
			isa = PBXGroup;
			children = (
				A79C3DC0654EDBE2091B7DA1 /* ClipSync.app */,
			);
			name = Products;
			sourceTree = "<group>";
		};
		529E2E32D8D1959CD2EE4FC8 = {
			isa = PBXGroup;
			children = (
				EF13A6C3209C749828832CFB /* ClipSync */,
				111FA35B787EB91519B01C32 /* Products */,
			);
			sourceTree = "<group>";
		};
		EF13A6C3209C749828832CFB /* ClipSync */ = {
			isa = PBXGroup;
			children = (
				ED838D6851172B5669A1D8C1 /* Assets.xcassets */,
				FFBEE31533A90D728F521B38 /* AuthClient.swift */,
				80079126FF9BA0FBBC1944AC /* ClipboardMonitor.swift */,
				6774F5BDA203DE2CE3CAE378 /* ClipboardWriter.swift */,
				41FFE570AA0F8D80AFE0EA60 /* ContentView.swift */,
				9F8DFD90254B9A75CA217BB3 /* E2EECrypto.swift */,
				DB8C0E0883F820B0BBB3ABFF /* E2EEEnvelope.swift */,
				296D6961B9915AED652CD641 /* HistoryStore.swift */,
				53CCEFF221D3FCFD3F817339 /* HistoryView.swift */,
				D2FCC4C0BA735F658A1B20F7 /* HomeView.swift */,
				4750275E11A2914084C3627D /* Info.plist */,
				4BD14586CC3AD90C0A4F06A6 /* main.swift */,
				EDA17BC82E58AEE55A4E6B79 /* Models.swift */,
				F5EFE53E454321AA92DC9CE1 /* RevealPasswordField.swift */,
				31ADB70BAEDA4189C77EE9E9 /* SettingsStore.swift */,
				F10A29A5E54C1017FCEDC327 /* SettingsView.swift */,
				BDFEA81C63A3D5BE482AEBB0 /* SmsCodeExtractor.swift */,
				B2E5D59E8B63F7472FCEF012 /* ToastManager.swift */,
				BB8C7743EFF7F41BC6809591 /* ToastView.swift */,
				F31A64A6C24C3BA7BE2F5F1A /* WSClient.swift */,
			);
			path = ClipSync;
			sourceTree = "<group>";
		};
/* End PBXGroup section */

/* Begin PBXNativeTarget section */
		558C0BE5380001ECEFF6A155 /* ClipSync */ = {
			isa = PBXNativeTarget;
			buildConfigurationList = 4D46567EE94E8D38F3E2DEED /* Build configuration list for PBXNativeTarget "ClipSync" */;
			buildPhases = (
				8EB3F38BE5DD2624A3DFCCE0 /* Sources */,
				2216BE08541A75A26E799DFE /* Resources */,
			);
			buildRules = (
			);
			dependencies = (
			);
			name = ClipSync;
			packageProductDependencies = (
			);
			productName = ClipSync;
			productReference = A79C3DC0654EDBE2091B7DA1 /* ClipSync.app */;
			productType = "com.apple.product-type.application";
		};
/* End PBXNativeTarget section */

/* Begin PBXProject section */
		35C009C0D04767513BFDECE9 /* Project object */ = {
			isa = PBXProject;
			attributes = {
				BuildIndependentTargetsInParallel = YES;
				LastUpgradeCheck = 1430;
				TargetAttributes = {
					558C0BE5380001ECEFF6A155 = {
						ProvisioningStyle = Automatic;
					};
				};
			};
			buildConfigurationList = 3128A20FF59D72CA55099579 /* Build configuration list for PBXProject "ClipSync" */;
			developmentRegion = en;
			hasScannedForEncodings = 0;
			knownRegions = (
				Base,
				en,
			);
			mainGroup = 529E2E32D8D1959CD2EE4FC8;
			minimizedProjectReferenceProxies = 1;
			preferredProjectObjectVersion = 77;
			productRefGroup = 111FA35B787EB91519B01C32 /* Products */;
			projectDirPath = "";
			projectRoot = "";
			targets = (
				558C0BE5380001ECEFF6A155 /* ClipSync */,
			);
		};
/* End PBXProject section */

/* Begin PBXResourcesBuildPhase section */
		2216BE08541A75A26E799DFE /* Resources */ = {
			isa = PBXResourcesBuildPhase;
			buildActionMask = 2147483647;
			files = (
				53447D2859A6B14EDC992599 /* Assets.xcassets in Resources */,
			);
			runOnlyForDeploymentPostprocessing = 0;
		};
/* End PBXResourcesBuildPhase section */

/* Begin PBXSourcesBuildPhase section */
		8EB3F38BE5DD2624A3DFCCE0 /* Sources */ = {
			isa = PBXSourcesBuildPhase;
			buildActionMask = 2147483647;
			files = (
				D17992C7B1197DE7182EBBAF /* AuthClient.swift in Sources */,
				C0016C113F25ECF9ADEC13BC /* ClipboardMonitor.swift in Sources */,
				FBF243D2353CAA2715B3E91D /* ClipboardWriter.swift in Sources */,
				DF46CE338BEC6BDE4A986919 /* ContentView.swift in Sources */,
				BC453A5A195631A9780BEAEA /* E2EECrypto.swift in Sources */,
				4855ED325DFFEBFFF514C465 /* E2EEEnvelope.swift in Sources */,
				0FFBDE010AFAD3867ECB0509 /* HistoryStore.swift in Sources */,
				F31DD23799961503A854C4B9 /* HistoryView.swift in Sources */,
				DE7EDD7086F7C8C633B40FCC /* HomeView.swift in Sources */,
				376495AAB21453A73A20E043 /* Models.swift in Sources */,
				4ECEBB18073864AD8DA340F3 /* RevealPasswordField.swift in Sources */,
				30E2F6B003D955A8F7F4D1A7 /* SettingsStore.swift in Sources */,
				6028C5198C3D77EC1B6207D4 /* SettingsView.swift in Sources */,
				9E43EF5F0BB412BE9E399C97 /* SmsCodeExtractor.swift in Sources */,
				5FA22DFA89011EFE9777F8F4 /* ToastManager.swift in Sources */,
				1453304F57067B9FC2F50F15 /* ToastView.swift in Sources */,
				29077AC77B06B18A994A8D4A /* WSClient.swift in Sources */,
				EE71125A91C704A9557B5F48 /* main.swift in Sources */,
			);
			runOnlyForDeploymentPostprocessing = 0;
		};
/* End PBXSourcesBuildPhase section */

/* Begin XCBuildConfiguration section */
		32CC4599A59782C29142DF37 /* Debug */ = {
			isa = XCBuildConfiguration;
			buildSettings = {
				ALWAYS_SEARCH_USER_PATHS = NO;
				CLANG_ANALYZER_NONNULL = YES;
				CLANG_ANALYZER_NUMBER_OBJECT_CONVERSION = YES_AGGRESSIVE;
				CLANG_CXX_LANGUAGE_STANDARD = "gnu++14";
				CLANG_CXX_LIBRARY = "libc++";
				CLANG_ENABLE_MODULES = YES;
				CLANG_ENABLE_OBJC_ARC = YES;
				CLANG_ENABLE_OBJC_WEAK = YES;
				CLANG_WARN_BLOCK_CAPTURE_AUTORELEASING = YES;
				CLANG_WARN_BOOL_CONVERSION = YES;
				CLANG_WARN_COMMA = YES;
				CLANG_WARN_CONSTANT_CONVERSION = YES;
				CLANG_WARN_DEPRECATED_OBJC_IMPLEMENTATIONS = YES;
				CLANG_WARN_DIRECT_OBJC_ISA_USAGE = YES_ERROR;
				CLANG_WARN_DOCUMENTATION_COMMENTS = YES;
				CLANG_WARN_EMPTY_BODY = YES;
				CLANG_WARN_ENUM_CONVERSION = YES;
				CLANG_WARN_INFINITE_RECURSION = YES;
				CLANG_WARN_INT_CONVERSION = YES;
				CLANG_WARN_NON_LITERAL_NULL_CONVERSION = YES;
				CLANG_WARN_OBJC_IMPLICIT_RETAIN_SELF = YES;
				CLANG_WARN_OBJC_LITERAL_CONVERSION = YES;
				CLANG_WARN_OBJC_ROOT_CLASS = YES_ERROR;
				CLANG_WARN_QUOTED_INCLUDE_IN_FRAMEWORK_HEADER = YES;
				CLANG_WARN_RANGE_LOOP_ANALYSIS = YES;
				CLANG_WARN_STRICT_PROTOTYPES = YES;
				CLANG_WARN_SUSPICIOUS_MOVE = YES;
				CLANG_WARN_UNGUARDED_AVAILABILITY = YES_AGGRESSIVE;
				CLANG_WARN_UNREACHABLE_CODE = YES;
				CLANG_WARN__DUPLICATE_METHOD_MATCH = YES;
				COPY_PHASE_STRIP = NO;
				DEBUG_INFORMATION_FORMAT = dwarf;
				ENABLE_STRICT_OBJC_MSGSEND = YES;
				ENABLE_TESTABILITY = YES;
				GCC_C_LANGUAGE_STANDARD = gnu11;
				GCC_DYNAMIC_NO_PIC = NO;
				GCC_NO_COMMON_BLOCKS = YES;
				GCC_OPTIMIZATION_LEVEL = 0;
				GCC_PREPROCESSOR_DEFINITIONS = (
					"$(inherited)",
					"DEBUG=1",
				);
				GCC_WARN_64_TO_32_BIT_CONVERSION = YES;
				GCC_WARN_ABOUT_RETURN_TYPE = YES_ERROR;
				GCC_WARN_UNDECLARED_SELECTOR = YES;
				GCC_WARN_UNINITIALIZED_AUTOS = YES_AGGRESSIVE;
				GCC_WARN_UNUSED_FUNCTION = YES;
				GCC_WARN_UNUSED_VARIABLE = YES;
				MACOSX_DEPLOYMENT_TARGET = 14.0;
				MTL_ENABLE_DEBUG_INFO = INCLUDE_SOURCE;
				MTL_FAST_MATH = YES;
				ONLY_ACTIVE_ARCH = YES;
				PRODUCT_NAME = "$(TARGET_NAME)";
				SDKROOT = macosx;
				SWIFT_ACTIVE_COMPILATION_CONDITIONS = DEBUG;
				SWIFT_OPTIMIZATION_LEVEL = "-Onone";
				SWIFT_VERSION = 5.0;
			};
			name = Debug;
		};
		39FE5665316033D8E9D79B3A /* Debug */ = {
			isa = XCBuildConfiguration;
			buildSettings = {
				ASSETCATALOG_COMPILER_APPICON_NAME = AppIcon;
				CODE_SIGNING_ALLOWED = NO;
				CODE_SIGN_STYLE = Automatic;
				COMBINE_HIDPI_IMAGES = YES;
				ENABLE_HARDENED_RUNTIME = NO;
				INFOPLIST_FILE = ClipSync/Info.plist;
				LD_RUNPATH_SEARCH_PATHS = (
					"$(inherited)",
					"@executable_path/../Frameworks",
				);
				PRODUCT_BUNDLE_IDENTIFIER = com.jiahui.ClipSyncApp;
				SDKROOT = macosx;
				SWIFT_VERSION = 5.0;
			};
			name = Debug;
		};
		7B5EB53F00FD4F470B031621 /* Release */ = {
			isa = XCBuildConfiguration;
			buildSettings = {
				ASSETCATALOG_COMPILER_APPICON_NAME = AppIcon;
				CODE_SIGNING_ALLOWED = NO;
				CODE_SIGN_STYLE = Automatic;
				COMBINE_HIDPI_IMAGES = YES;
				ENABLE_HARDENED_RUNTIME = NO;
				INFOPLIST_FILE = ClipSync/Info.plist;
				LD_RUNPATH_SEARCH_PATHS = (
					"$(inherited)",
					"@executable_path/../Frameworks",
				);
				PRODUCT_BUNDLE_IDENTIFIER = com.jiahui.ClipSyncApp;
				SDKROOT = macosx;
				SWIFT_VERSION = 5.0;
			};
			name = Release;
		};
		B5107A2B21E259F10A6391CC /* Release */ = {
			isa = XCBuildConfiguration;
			buildSettings = {
				ALWAYS_SEARCH_USER_PATHS = NO;
				CLANG_ANALYZER_NONNULL = YES;
				CLANG_ANALYZER_NUMBER_OBJECT_CONVERSION = YES_AGGRESSIVE;
				CLANG_CXX_LANGUAGE_STANDARD = "gnu++14";
				CLANG_CXX_LIBRARY = "libc++";
				CLANG_ENABLE_MODULES = YES;
				CLANG_ENABLE_OBJC_ARC = YES;
				CLANG_ENABLE_OBJC_WEAK = YES;
				CLANG_WARN_BLOCK_CAPTURE_AUTORELEASING = YES;
				CLANG_WARN_BOOL_CONVERSION = YES;
				CLANG_WARN_COMMA = YES;
				CLANG_WARN_CONSTANT_CONVERSION = YES;
				CLANG_WARN_DEPRECATED_OBJC_IMPLEMENTATIONS = YES;
				CLANG_WARN_DIRECT_OBJC_ISA_USAGE = YES_ERROR;
				CLANG_WARN_DOCUMENTATION_COMMENTS = YES;
				CLANG_WARN_EMPTY_BODY = YES;
				CLANG_WARN_ENUM_CONVERSION = YES;
				CLANG_WARN_INFINITE_RECURSION = YES;
				CLANG_WARN_INT_CONVERSION = YES;
				CLANG_WARN_NON_LITERAL_NULL_CONVERSION = YES;
				CLANG_WARN_OBJC_IMPLICIT_RETAIN_SELF = YES;
				CLANG_WARN_OBJC_LITERAL_CONVERSION = YES;
				CLANG_WARN_OBJC_ROOT_CLASS = YES_ERROR;
				CLANG_WARN_QUOTED_INCLUDE_IN_FRAMEWORK_HEADER = YES;
				CLANG_WARN_RANGE_LOOP_ANALYSIS = YES;
				CLANG_WARN_STRICT_PROTOTYPES = YES;
				CLANG_WARN_SUSPICIOUS_MOVE = YES;
				CLANG_WARN_UNGUARDED_AVAILABILITY = YES_AGGRESSIVE;
				CLANG_WARN_UNREACHABLE_CODE = YES;
				CLANG_WARN__DUPLICATE_METHOD_MATCH = YES;
				COPY_PHASE_STRIP = NO;
				DEBUG_INFORMATION_FORMAT = "dwarf-with-dsym";
				ENABLE_NS_ASSERTIONS = NO;
				ENABLE_STRICT_OBJC_MSGSEND = YES;
				GCC_C_LANGUAGE_STANDARD = gnu11;
				GCC_NO_COMMON_BLOCKS = YES;
				GCC_WARN_64_TO_32_BIT_CONVERSION = YES;
				GCC_WARN_ABOUT_RETURN_TYPE = YES_ERROR;
				GCC_WARN_UNDECLARED_SELECTOR = YES;
				GCC_WARN_UNINITIALIZED_AUTOS = YES_AGGRESSIVE;
				GCC_WARN_UNUSED_FUNCTION = YES;
				GCC_WARN_UNUSED_VARIABLE = YES;
				MACOSX_DEPLOYMENT_TARGET = 14.0;
				MTL_ENABLE_DEBUG_INFO = NO;
				MTL_FAST_MATH = YES;
				PRODUCT_NAME = "$(TARGET_NAME)";
				SDKROOT = macosx;
				SWIFT_COMPILATION_MODE = wholemodule;
				SWIFT_OPTIMIZATION_LEVEL = "-O";
				SWIFT_VERSION = 5.0;
			};
			name = Release;
		};
/* End XCBuildConfiguration section */

/* Begin XCConfigurationList section */
		3128A20FF59D72CA55099579 /* Build configuration list for PBXProject "ClipSync" */ = {
			isa = XCConfigurationList;
			buildConfigurations = (
				32CC4599A59782C29142DF37 /* Debug */,
				B5107A2B21E259F10A6391CC /* Release */,
			);
			defaultConfigurationIsVisible = 0;
			defaultConfigurationName = Debug;
		};
		4D46567EE94E8D38F3E2DEED /* Build configuration list for PBXNativeTarget "ClipSync" */ = {
			isa = XCConfigurationList;
			buildConfigurations = (
				39FE5665316033D8E9D79B3A /* Debug */,
				7B5EB53F00FD4F470B031621 /* Release */,
			);
			defaultConfigurationIsVisible = 0;
			defaultConfigurationName = Debug;
		};
/* End XCConfigurationList section */
	};
	rootObject = 35C009C0D04767513BFDECE9 /* Project object */;
}
